// !$*UTF8*$!
{
	archiveVersion = 1;
	classes = {
	};
	objectVersion = 50;
	objects = {

/* Begin PBXBuildFile section */
		41364A4A2538D7CA00F7E461 /* DetailsCollectionViewCell.swift in Sources */ = {isa = PBXBuildFile; fileRef = 41364A492538D7CA00F7E461 /* DetailsCollectionViewCell.swift */; };
		4148B4C825332CF50098F645 /* AppDelegate.swift in Sources */ = {isa = PBXBuildFile; fileRef = 4148B4C725332CF50098F645 /* AppDelegate.swift */; };
		4148B4CA25332CF50098F645 /* SceneDelegate.swift in Sources */ = {isa = PBXBuildFile; fileRef = 4148B4C925332CF50098F645 /* SceneDelegate.swift */; };
		4148B4CF25332CF50098F645 /* Main.storyboard in Resources */ = {isa = PBXBuildFile; fileRef = 4148B4CD25332CF50098F645 /* Main.storyboard */; };
		4148B4D125332CF60098F645 /* Assets.xcassets in Resources */ = {isa = PBXBuildFile; fileRef = 4148B4D025332CF60098F645 /* Assets.xcassets */; };
		4148B4D425332CF60098F645 /* LaunchScreen.storyboard in Resources */ = {isa = PBXBuildFile; fileRef = 4148B4D225332CF60098F645 /* LaunchScreen.storyboard */; };
		4148B4DE25332D310098F645 /* APIManager.swift in Sources */ = {isa = PBXBuildFile; fileRef = 4148B4DD25332D310098F645 /* APIManager.swift */; };
		4148B4E125332D720098F645 /* WeatherViewController.swift in Sources */ = {isa = PBXBuildFile; fileRef = 4148B4E025332D720098F645 /* WeatherViewController.swift */; };
		4148B4E525332DB30098F645 /* WeatherModel.swift in Sources */ = {isa = PBXBuildFile; fileRef = 4148B4E425332DB30098F645 /* WeatherModel.swift */; };
		41563D302535D94000CE9EA5 /* ForecastCollectionViewCell.swift in Sources */ = {isa = PBXBuildFile; fileRef = 41563D2F2535D94000CE9EA5 /* ForecastCollectionViewCell.swift */; };
		41563D332535DC7B00CE9EA5 /* Extensions.swift in Sources */ = {isa = PBXBuildFile; fileRef = 41563D322535DC7B00CE9EA5 /* Extensions.swift */; };
/* End PBXBuildFile section */

/* Begin PBXFileReference section */
		41364A492538D7CA00F7E461 /* DetailsCollectionViewCell.swift */ = {isa = PBXFileReference; lastKnownFileType = sourcecode.swift; path = DetailsCollectionViewCell.swift; sourceTree = "<group>"; };
		4148B4C425332CF50098F645 /* WeatherClothes.app */ = {isa = PBXFileReference; explicitFileType = wrapper.application; includeInIndex = 0; path = WeatherClothes.app; sourceTree = BUILT_PRODUCTS_DIR; };
		4148B4C725332CF50098F645 /* AppDelegate.swift */ = {isa = PBXFileReference; lastKnownFileType = sourcecode.swift; path = AppDelegate.swift; sourceTree = "<group>"; };
		4148B4C925332CF50098F645 /* SceneDelegate.swift */ = {isa = PBXFileReference; lastKnownFileType = sourcecode.swift; path = SceneDelegate.swift; sourceTree = "<group>"; };
		4148B4CE25332CF50098F645 /* Base */ = {isa = PBXFileReference; lastKnownFileType = file.storyboard; name = Base; path = Base.lproj/Main.storyboard; sourceTree = "<group>"; };
		4148B4D025332CF60098F645 /* Assets.xcassets */ = {isa = PBXFileReference; lastKnownFileType = folder.assetcatalog; path = Assets.xcassets; sourceTree = "<group>"; };
		4148B4D325332CF60098F645 /* Base */ = {isa = PBXFileReference; lastKnownFileType = file.storyboard; name = Base; path = Base.lproj/LaunchScreen.storyboard; sourceTree = "<group>"; };
		4148B4D525332CF60098F645 /* Info.plist */ = {isa = PBXFileReference; lastKnownFileType = text.plist.xml; path = Info.plist; sourceTree = "<group>"; };
		4148B4DD25332D310098F645 /* APIManager.swift */ = {isa = PBXFileReference; lastKnownFileType = sourcecode.swift; path = APIManager.swift; sourceTree = "<group>"; };
		4148B4E025332D720098F645 /* WeatherViewController.swift */ = {isa = PBXFileReference; lastKnownFileType = sourcecode.swift; path = WeatherViewController.swift; sourceTree = "<group>"; };
		4148B4E425332DB30098F645 /* WeatherModel.swift */ = {isa = PBXFileReference; lastKnownFileType = sourcecode.swift; path = WeatherModel.swift; sourceTree = "<group>"; };
		41563D2F2535D94000CE9EA5 /* ForecastCollectionViewCell.swift */ = {isa = PBXFileReference; lastKnownFileType = sourcecode.swift; path = ForecastCollectionViewCell.swift; sourceTree = "<group>"; };
		41563D322535DC7B00CE9EA5 /* Extensions.swift */ = {isa = PBXFileReference; lastKnownFileType = sourcecode.swift; path = Extensions.swift; sourceTree = "<group>"; };
/* End PBXFileReference section */

/* Begin PBXFrameworksBuildPhase section */
		4148B4C125332CF50098F645 /* Frameworks */ = {
			isa = PBXFrameworksBuildPhase;
			buildActionMask = 2147483647;
			files = (
			);
			runOnlyForDeploymentPostprocessing = 0;
		};
/* End PBXFrameworksBuildPhase section */

/* Begin PBXGroup section */
		4148B4BB25332CF40098F645 = {
			isa = PBXGroup;
			children = (
				4148B4C625332CF50098F645 /* WeatherClothes */,
				4148B4C525332CF50098F645 /* Products */,
			);
			sourceTree = "<group>";
		};
		4148B4C525332CF50098F645 /* Products */ = {
			isa = PBXGroup;
			children = (
				4148B4C425332CF50098F645 /* WeatherClothes.app */,
			);
			name = Products;
			sourceTree = "<group>";
		};
		4148B4C625332CF50098F645 /* WeatherClothes */ = {
			isa = PBXGroup;
			children = (
				4148B4DD25332D310098F645 /* APIManager.swift */,
				41563D322535DC7B00CE9EA5 /* Extensions.swift */,
				4148B4E425332DB30098F645 /* WeatherModel.swift */,
				41563D2F2535D94000CE9EA5 /* ForecastCollectionViewCell.swift */,
				4148B4E025332D720098F645 /* WeatherViewController.swift */,
				41364A492538D7CA00F7E461 /* DetailsCollectionViewCell.swift */,
				4148B4CD25332CF50098F645 /* Main.storyboard */,
				4148B4C725332CF50098F645 /* AppDelegate.swift */,
				4148B4C925332CF50098F645 /* SceneDelegate.swift */,
				4148B4D025332CF60098F645 /* Assets.xcassets */,
				4148B4D225332CF60098F645 /* LaunchScreen.storyboard */,
				4148B4D525332CF60098F645 /* Info.plist */,
			);
			path = WeatherClothes;
			sourceTree = "<group>";
		};
/* End PBXGroup section */

/* Begin PBXNativeTarget section */
		4148B4C325332CF50098F645 /* WeatherClothes */ = {
			isa = PBXNativeTarget;
			buildConfigurationList = 4148B4D825332CF60098F645 /* Build configuration list for PBXNativeTarget "WeatherClothes" */;
			buildPhases = (
				4148B4C025332CF50098F645 /* Sources */,
				4148B4C125332CF50098F645 /* Frameworks */,
				4148B4C225332CF50098F645 /* Resources */,
			);
			buildRules = (
			);
			dependencies = (
			);
			name = WeatherClothes;
			productName = WeatherClothes;
			productReference = 4148B4C425332CF50098F645 /* WeatherClothes.app */;
			productType = "com.apple.product-type.application";
		};
/* End PBXNativeTarget section */

/* Begin PBXProject section */
		4148B4BC25332CF40098F645 /* Project object */ = {
			isa = PBXProject;
			attributes = {
				LastSwiftUpdateCheck = 1200;
				LastUpgradeCheck = 1200;
				TargetAttributes = {
					4148B4C325332CF50098F645 = {
						CreatedOnToolsVersion = 12.0.1;
					};
				};
			};
			buildConfigurationList = 4148B4BF25332CF40098F645 /* Build configuration list for PBXProject "WeatherClothes" */;
			compatibilityVersion = "Xcode 9.3";
			developmentRegion = en;
			hasScannedForEncodings = 0;
			knownRegions = (
				en,
				Base,
			);
			mainGroup = 4148B4BB25332CF40098F645;
			productRefGroup = 4148B4C525332CF50098F645 /* Products */;
			projectDirPath = "";
			projectRoot = "";
			targets = (
				4148B4C325332CF50098F645 /* WeatherClothes */,
			);
		};
/* End PBXProject section */

/* Begin PBXResourcesBuildPhase section */
		4148B4C225332CF50098F645 /* Resources */ = {
			isa = PBXResourcesBuildPhase;
			buildActionMask = 2147483647;
			files = (
				4148B4D425332CF60098F645 /* LaunchScreen.storyboard in Resources */,
				4148B4D125332CF60098F645 /* Assets.xcassets in Resources */,
				4148B4CF25332CF50098F645 /* Main.storyboard in Resources */,
			);
			runOnlyForDeploymentPostprocessing = 0;
		};
/* End PBXResourcesBuildPhase section */

/* Begin PBXSourcesBuildPhase section */
		4148B4C025332CF50098F645 /* Sources */ = {
			isa = PBXSourcesBuildPhase;
			buildActionMask = 2147483647;
			files = (
				4148B4DE25332D310098F645 /* APIManager.swift in Sources */,
				4148B4E125332D720098F645 /* WeatherViewController.swift in Sources */,
				41563D302535D94000CE9EA5 /* ForecastCollectionViewCell.swift in Sources */,
				4148B4C825332CF50098F645 /* AppDelegate.swift in Sources */,
				4148B4CA25332CF50098F645 /* SceneDelegate.swift in Sources */,
				4148B4E525332DB30098F645 /* WeatherModel.swift in Sources */,
				41563D332535DC7B00CE9EA5 /* Extensions.swift in Sources */,
				41364A4A2538D7CA00F7E461 /* DetailsCollectionViewCell.swift in Sources */,
			);
			runOnlyForDeploymentPostprocessing = 0;
		};
/* End PBXSourcesBuildPhase section */

/* Begin PBXVariantGroup section */
		4148B4CD25332CF50098F645 /* Main.storyboard */ = {
			isa = PBXVariantGroup;
			children = (
				4148B4CE25332CF50098F645 /* Base */,
			);
			name = Main.storyboard;
			sourceTree = "<group>";
		};
		4148B4D225332CF60098F645 /* LaunchScreen.storyboard */ = {
			isa = PBXVariantGroup;
			children = (
				4148B4D325332CF60098F645 /* Base */,
			);
			name = LaunchScreen.storyboard;
			sourceTree = "<group>";
		};
/* End PBXVariantGroup section */

/* Begin XCBuildConfiguration section */
		4148B4D625332CF60098F645 /* Debug */ = {
			isa = XCBuildConfiguration;
			buildSettings = {
				ALWAYS_SEARCH_USER_PATHS = NO;
				CLANG_ANALYZER_NONNULL = YES;
				CLANG_ANALYZER_NUMBER_OBJECT_CONVERSION = YES_AGGRESSIVE;
				CLANG_CXX_LANGUAGE_STANDARD = "gnu++14";
				CLANG_CXX_LIBRARY = "libc++";
				CLANG_ENABLE_MODULES = YES;
				CLANG_ENABLE_OBJC_ARC = YES;
				CLANG_ENABLE_OBJC_WEAK = YES;
				CLANG_WARN_BLOCK_CAPTURE_AUTORELEASING = YES;
				CLANG_WARN_BOOL_CONVERSION = YES;
				CLANG_WARN_COMMA = YES;
				CLANG_WARN_CONSTANT_CONVERSION = YES;
				CLANG_WARN_DEPRECATED_OBJC_IMPLEMENTATIONS = YES;
				CLANG_WARN_DIRECT_OBJC_ISA_USAGE = YES_ERROR;
				CLANG_WARN_DOCUMENTATION_COMMENTS = YES;
				CLANG_WARN_EMPTY_BODY = YES;
				CLANG_WARN_ENUM_CONVERSION = YES;
				CLANG_WARN_INFINITE_RECURSION = YES;
				CLANG_WARN_INT_CONVERSION = YES;
				CLANG_WARN_NON_LITERAL_NULL_CONVERSION = YES;
				CLANG_WARN_OBJC_IMPLICIT_RETAIN_SELF = YES;
				CLANG_WARN_OBJC_LITERAL_CONVERSION = YES;
				CLANG_WARN_OBJC_ROOT_CLASS = YES_ERROR;
				CLANG_WARN_QUOTED_INCLUDE_IN_FRAMEWORK_HEADER = YES;
				CLANG_WARN_RANGE_LOOP_ANALYSIS = YES;
				CLANG_WARN_STRICT_PROTOTYPES = YES;
				CLANG_WARN_SUSPICIOUS_MOVE = YES;
				CLANG_WARN_UNGUARDED_AVAILABILITY = YES_AGGRESSIVE;
				CLANG_WARN_UNREACHABLE_CODE = YES;
				CLANG_WARN__DUPLICATE_METHOD_MATCH = YES;
				COPY_PHASE_STRIP = NO;
				DEBUG_INFORMATION_FORMAT = dwarf;
				ENABLE_STRICT_OBJC_MSGSEND = YES;
				ENABLE_TESTABILITY = YES;
				GCC_C_LANGUAGE_STANDARD = gnu11;
				GCC_DYNAMIC_NO_PIC = NO;
				GCC_NO_COMMON_BLOCKS = YES;
				GCC_OPTIMIZATION_LEVEL = 0;
				GCC_PREPROCESSOR_DEFINITIONS = (
					"DEBUG=1",
					"$(inherited)",
				);
				GCC_WARN_64_TO_32_BIT_CONVERSION = YES;
				GCC_WARN_ABOUT_RETURN_TYPE = YES_ERROR;
				GCC_WARN_UNDECLARED_SELECTOR = YES;
				GCC_WARN_UNINITIALIZED_AUTOS = YES_AGGRESSIVE;
				GCC_WARN_UNUSED_FUNCTION = YES;
				GCC_WARN_UNUSED_VARIABLE = YES;
				IPHONEOS_DEPLOYMENT_TARGET = 14.0;
				MTL_ENABLE_DEBUG_INFO = INCLUDE_SOURCE;
				MTL_FAST_MATH = YES;
				ONLY_ACTIVE_ARCH = YES;
				SDKROOT = iphoneos;
				SWIFT_ACTIVE_COMPILATION_CONDITIONS = DEBUG;
				SWIFT_OPTIMIZATION_LEVEL = "-Onone";
			};
			name = Debug;
		};
		4148B4D725332CF60098F645 /* Release */ = {
			isa = XCBuildConfiguration;
			buildSettings = {
				ALWAYS_SEARCH_USER_PATHS = NO;
				CLANG_ANALYZER_NONNULL = YES;
				CLANG_ANALYZER_NUMBER_OBJECT_CONVERSION = YES_AGGRESSIVE;
				CLANG_CXX_LANGUAGE_STANDARD = "gnu++14";
				CLANG_CXX_LIBRARY = "libc++";
				CLANG_ENABLE_MODULES = YES;
				CLANG_ENABLE_OBJC_ARC = YES;
				CLANG_ENABLE_OBJC_WEAK = YES;
				CLANG_WARN_BLOCK_CAPTURE_AUTORELEASING = YES;
				CLANG_WARN_BOOL_CONVERSION = YES;
				CLANG_WARN_COMMA = YES;
				CLANG_WARN_CONSTANT_CONVERSION = YES;
				CLANG_WARN_DEPRECATED_OBJC_IMPLEMENTATIONS = YES;
				CLANG_WARN_DIRECT_OBJC_ISA_USAGE = YES_ERROR;
				CLANG_WARN_DOCUMENTATION_COMMENTS = YES;
				CLANG_WARN_EMPTY_BODY = YES;
				CLANG_WARN_ENUM_CONVERSION = YES;
				CLANG_WARN_INFINITE_RECURSION = YES;
				CLANG_WARN_INT_CONVERSION = YES;
				CLANG_WARN_NON_LITERAL_NULL_CONVERSION = YES;
				CLANG_WARN_OBJC_IMPLICIT_RETAIN_SELF = YES;
				CLANG_WARN_OBJC_LITERAL_CONVERSION = YES;
				CLANG_WARN_OBJC_ROOT_CLASS = YES_ERROR;
				CLANG_WARN_QUOTED_INCLUDE_IN_FRAMEWORK_HEADER = YES;
				CLANG_WARN_RANGE_LOOP_ANALYSIS = YES;
				CLANG_WARN_STRICT_PROTOTYPES = YES;
				CLANG_WARN_SUSPICIOUS_MOVE = YES;
				CLANG_WARN_UNGUARDED_AVAILABILITY = YES_AGGRESSIVE;
				CLANG_WARN_UNREACHABLE_CODE = YES;
				CLANG_WARN__DUPLICATE_METHOD_MATCH = YES;
				COPY_PHASE_STRIP = NO;
				DEBUG_INFORMATION_FORMAT = "dwarf-with-dsym";
				ENABLE_NS_ASSERTIONS = NO;
				ENABLE_STRICT_OBJC_MSGSEND = YES;
				GCC_C_LANGUAGE_STANDARD = gnu11;
				GCC_NO_COMMON_BLOCKS = YES;
				GCC_WARN_64_TO_32_BIT_CONVERSION = YES;
				GCC_WARN_ABOUT_RETURN_TYPE = YES_ERROR;
				GCC_WARN_UNDECLARED_SELECTOR = YES;
				GCC_WARN_UNINITIALIZED_AUTOS = YES_AGGRESSIVE;
				GCC_WARN_UNUSED_FUNCTION = YES;
				GCC_WARN_UNUSED_VARIABLE = YES;
				IPHONEOS_DEPLOYMENT_TARGET = 14.0;
				MTL_ENABLE_DEBUG_INFO = NO;
				MTL_FAST_MATH = YES;
				SDKROOT = iphoneos;
				SWIFT_COMPILATION_MODE = wholemodule;
				SWIFT_OPTIMIZATION_LEVEL = "-O";
				VALIDATE_PRODUCT = YES;
			};
			name = Release;
		};
		4148B4D925332CF60098F645 /* Debug */ = {
			isa = XCBuildConfiguration;
			buildSettings = {
				ASSETCATALOG_COMPILER_APPICON_NAME = AppIcon;
				ASSETCATALOG_COMPILER_GLOBAL_ACCENT_COLOR_NAME = AccentColor;
				CODE_SIGN_STYLE = Automatic;
				DEVELOPMENT_TEAM = 6K8BWF3CZ2;
				INFOPLIST_FILE = WeatherClothes/Info.plist;
				LD_RUNPATH_SEARCH_PATHS = (
					"$(inherited)",
					"@executable_path/Frameworks",
				);
				PRODUCT_BUNDLE_IDENTIFIER = com.MousaAlwaraki.WeatherClothes;
				PRODUCT_NAME = "$(TARGET_NAME)";
				SWIFT_VERSION = 5.0;
				TARGETED_DEVICE_FAMILY = "1,2";
			};
			name = Debug;
		};
		4148B4DA25332CF60098F645 /* Release */ = {
			isa = XCBuildConfiguration;
			buildSettings = {
				ASSETCATALOG_COMPILER_APPICON_NAME = AppIcon;
				ASSETCATALOG_COMPILER_GLOBAL_ACCENT_COLOR_NAME = AccentColor;
				CODE_SIGN_STYLE = Automatic;
				DEVELOPMENT_TEAM = 6K8BWF3CZ2;
				INFOPLIST_FILE = WeatherClothes/Info.plist;
				LD_RUNPATH_SEARCH_PATHS = (
					"$(inherited)",
					"@executable_path/Frameworks",
				);
				PRODUCT_BUNDLE_IDENTIFIER = com.MousaAlwaraki.WeatherClothes;
				PRODUCT_NAME = "$(TARGET_NAME)";
				SWIFT_VERSION = 5.0;
				TARGETED_DEVICE_FAMILY = "1,2";
			};
			name = Release;
		};
/* End XCBuildConfiguration section */

/* Begin XCConfigurationList section */
		4148B4BF25332CF40098F645 /* Build configuration list for PBXProject "WeatherClothes" */ = {
			isa = XCConfigurationList;
			buildConfigurations = (
				4148B4D625332CF60098F645 /* Debug */,
				4148B4D725332CF60098F645 /* Release */,
			);
			defaultConfigurationIsVisible = 0;
			defaultConfigurationName = Release;
		};
		4148B4D825332CF60098F645 /* Build configuration list for PBXNativeTarget "WeatherClothes" */ = {
			isa = XCConfigurationList;
			buildConfigurations = (
				4148B4D925332CF60098F645 /* Debug */,
				4148B4DA25332CF60098F645 /* Release */,
			);
			defaultConfigurationIsVisible = 0;
			defaultConfigurationName = Release;
		};
/* End XCConfigurationList section */
	};
	rootObject = 4148B4BC25332CF40098F645 /* Project object */;
}
